
Microsoft Visual Studio Solution File, Format Version 12.00
# Visual Studio Version 16
VisualStudioVersion = 16.0.31424.327
MinimumVisualStudioVersion = 10.0.40219.1
Project("{FAE04EC0-301F-11D3-BF4B-00C04F79EFBC}") = "LibraryCommunication", "src\LibraryCommunication\LibraryCommunication.csproj", "{82804B57-F249-4DBB-98E5-38DAA5BEC683}"
EndProject
Global
	GlobalSection(SolutionConfigurationPlatforms) = preSolution
		Debug|Any CPU = Debug|Any CPU
		Release|Any CPU = Release|Any CPU
	EndGlobalSection
	GlobalSection(ProjectConfigurationPlatforms) = postSolution
		{82804B57-F249-4DBB-98E5-38DAA5BEC683}.Debug|Any CPU.ActiveCfg = Debug|Any CPU
		{82804B57-F249-4DBB-98E5-38DAA5BEC683}.Debug|Any CPU.Build.0 = Debug|Any CPU
		{82804B57-F249-4DBB-98E5-38DAA5BEC683}.Release|Any CPU.ActiveCfg = Release|Any CPU
		{82804B57-F249-4DBB-98E5-38DAA5BEC683}.Release|Any CPU.Build.0 = Release|Any CPU
	EndGlobalSection
	GlobalSection(SolutionProperties) = preSolution
		HideSolutionNode = FALSE
	EndGlobalSection
	GlobalSection(ExtensibilityGlobals) = postSolution
		SolutionGuid = {A95DE8E8-318C-48E0-9B70-6E9BBFBBCE88}
	EndGlobalSection
EndGlobal
